
Microsoft Visual Studio Solution File, Format Version 12.00
# Visual Studio Version 17
VisualStudioVersion = 17.14.36121.58
MinimumVisualStudioVersion = 10.0.40219.1
Project("{FAE04EC0-301F-11D3-BF4B-00C04F79EFBC}") = "RequestsApp", "RequestsApp\RequestsApp.csproj", "{A29F4DB0-A43F-408F-8B4C-3104D0EF5133}"
EndProject
Project("{FAE04EC0-301F-11D3-BF4B-00C04F79EFBC}") = "SupabaseAuthLib", "SupabaseAuthLib\SupabaseAuthLib.csproj", "{65C4DDE5-C35A-4B9F-814E-C925348FACF5}"
EndProject
Project("{FAE04EC0-301F-11D3-BF4B-00C04F79EFBC}") = "RequestsApp.Tests", "RequestsApp.Tests\RequestsApp.Tests.csproj", "{D2949BD5-1091-4CE1-9AF8-140845DC6AEB}"
EndProject
Global
	GlobalSection(SolutionConfigurationPlatforms) = preSolution
		Debug|Any CPU = Debug|Any CPU
		Release|Any CPU = Release|Any CPU
	EndGlobalSection
	GlobalSection(ProjectConfigurationPlatforms) = postSolution
		{A29F4DB0-A43F-408F-8B4C-3104D0EF5133}.Debug|Any CPU.ActiveCfg = Debug|Any CPU
		{A29F4DB0-A43F-408F-8B4C-3104D0EF5133}.Debug|Any CPU.Build.0 = Debug|Any CPU
		{A29F4DB0-A43F-408F-8B4C-3104D0EF5133}.Release|Any CPU.ActiveCfg = Release|Any CPU
		{A29F4DB0-A43F-408F-8B4C-3104D0EF5133}.Release|Any CPU.Build.0 = Release|Any CPU
		{65C4DDE5-C35A-4B9F-814E-C925348FACF5}.Debug|Any CPU.ActiveCfg = Debug|Any CPU
		{65C4DDE5-C35A-4B9F-814E-C925348FACF5}.Debug|Any CPU.Build.0 = Debug|Any CPU
		{65C4DDE5-C35A-4B9F-814E-C925348FACF5}.Release|Any CPU.ActiveCfg = Release|Any CPU
		{65C4DDE5-C35A-4B9F-814E-C925348FACF5}.Release|Any CPU.Build.0 = Release|Any CPU
		{D2949BD5-1091-4CE1-9AF8-140845DC6AEB}.Debug|Any CPU.ActiveCfg = Debug|Any CPU
		{D2949BD5-1091-4CE1-9AF8-140845DC6AEB}.Debug|Any CPU.Build.0 = Debug|Any CPU
		{D2949BD5-1091-4CE1-9AF8-140845DC6AEB}.Release|Any CPU.ActiveCfg = Release|Any CPU
		{D2949BD5-1091-4CE1-9AF8-140845DC6AEB}.Release|Any CPU.Build.0 = Release|Any CPU
	EndGlobalSection
	GlobalSection(SolutionProperties) = preSolution
		HideSolutionNode = FALSE
	EndGlobalSection
	GlobalSection(ExtensibilityGlobals) = postSolution
		SolutionGuid = {14A6B0A3-E83C-4655-99EC-E37680F0754C}
	EndGlobalSection
EndGlobal
